
Microsoft Visual Studio Solution File, Format Version 12.00
# Visual Studio Version 16
VisualStudioVersion = 16.0.30011.22
MinimumVisualStudioVersion = 10.0.40219.1
Project("{FAE04EC0-301F-11D3-BF4B-00C04F79EFBC}") = "FizzBuzz", "FizzBuzz\FizzBuzz.csproj", "{5B77375B-6B32-45D9-AD57-08AEFB1663EA}"
EndProject
Global
	GlobalSection(SolutionConfigurationPlatforms) = preSolution
		Debug|Any CPU = Debug|Any CPU
		Release|Any CPU = Release|Any CPU
	EndGlobalSection
	GlobalSection(ProjectConfigurationPlatforms) = postSolution
		{5B77375B-6B32-45D9-AD57-08AEFB1663EA}.Debug|Any CPU.ActiveCfg = Debug|Any CPU
		{5B77375B-6B32-45D9-AD57-08AEFB1663EA}.Debug|Any CPU.Build.0 = Debug|Any CPU
		{5B77375B-6B32-45D9-AD57-08AEFB1663EA}.Release|Any CPU.ActiveCfg = Release|Any CPU
		{5B77375B-6B32-45D9-AD57-08AEFB1663EA}.Release|Any CPU.Build.0 = Release|Any CPU
	EndGlobalSection
	GlobalSection(SolutionProperties) = preSolution
		HideSolutionNode = FALSE
	EndGlobalSection
	GlobalSection(ExtensibilityGlobals) = postSolution
		SolutionGuid = {EA707434-FBF5-4AED-854E-41B42808305A}
	EndGlobalSection
EndGlobal
